
Microsoft Visual Studio Solution File, Format Version 12.00
# Visual Studio 15
VisualStudioVersion = 15.0.28307.779
MinimumVisualStudioVersion = 10.0.40219.1
Project("{FAE04EC0-301F-11D3-BF4B-00C04F79EFBC}") = "Array", "Array\Array.csproj", "{C4FA43FA-467F-4F75-9D94-A1FF3F26E045}"
EndProject
Global
	GlobalSection(SolutionConfigurationPlatforms) = preSolution
		Debug|Any CPU = Debug|Any CPU
		Release|Any CPU = Release|Any CPU
	EndGlobalSection
	GlobalSection(ProjectConfigurationPlatforms) = postSolution
		{C4FA43FA-467F-4F75-9D94-A1FF3F26E045}.Debug|Any CPU.ActiveCfg = Debug|Any CPU
		{C4FA43FA-467F-4F75-9D94-A1FF3F26E045}.Debug|Any CPU.Build.0 = Debug|Any CPU
		{C4FA43FA-467F-4F75-9D94-A1FF3F26E045}.Release|Any CPU.ActiveCfg = Release|Any CPU
		{C4FA43FA-467F-4F75-9D94-A1FF3F26E045}.Release|Any CPU.Build.0 = Release|Any CPU
	EndGlobalSection
	GlobalSection(SolutionProperties) = preSolution
		HideSolutionNode = FALSE
	EndGlobalSection
	GlobalSection(ExtensibilityGlobals) = postSolution
		SolutionGuid = {A93FE4E0-3CA3-4E12-8490-A57044BD9561}
	EndGlobalSection
EndGlobal
